// !$*UTF8*$!
{
	archiveVersion = 1;
	classes = {
	};
	objectVersion = 55;
	objects = {

/* Begin PBXBuildFile section */
		F88D938427FF470B0024A2D0 /* AppDelegate.swift in Sources */ = {isa = PBXBuildFile; fileRef = F88D938327FF470B0024A2D0 /* AppDelegate.swift */; };
		F88D938627FF470B0024A2D0 /* SceneDelegate.swift in Sources */ = {isa = PBXBuildFile; fileRef = F88D938527FF470B0024A2D0 /* SceneDelegate.swift */; };
		F88D938827FF470B0024A2D0 /* ViewController.swift in Sources */ = {isa = PBXBuildFile; fileRef = F88D938727FF470B0024A2D0 /* ViewController.swift */; };
		F88D938B27FF470B0024A2D0 /* Main.storyboard in Resources */ = {isa = PBXBuildFile; fileRef = F88D938927FF470B0024A2D0 /* Main.storyboard */; };
		F88D938D27FF470C0024A2D0 /* Assets.xcassets in Resources */ = {isa = PBXBuildFile; fileRef = F88D938C27FF470C0024A2D0 /* Assets.xcassets */; };
		F88D939027FF470C0024A2D0 /* LaunchScreen.storyboard in Resources */ = {isa = PBXBuildFile; fileRef = F88D938E27FF470C0024A2D0 /* LaunchScreen.storyboard */; };
		F88D939B27FF470C0024A2D0 /* FaceDetectTests.swift in Sources */ = {isa = PBXBuildFile; fileRef = F88D939A27FF470C0024A2D0 /* FaceDetectTests.swift */; };
		F88D93A527FF470C0024A2D0 /* FaceDetectUITests.swift in Sources */ = {isa = PBXBuildFile; fileRef = F88D93A427FF470C0024A2D0 /* FaceDetectUITests.swift */; };
		F88D93A727FF470C0024A2D0 /* FaceDetectUITestsLaunchTests.swift in Sources */ = {isa = PBXBuildFile; fileRef = F88D93A627FF470C0024A2D0 /* FaceDetectUITestsLaunchTests.swift */; };
/* End PBXBuildFile section */

/* Begin PBXContainerItemProxy section */
		F88D939727FF470C0024A2D0 /* PBXContainerItemProxy */ = {
			isa = PBXContainerItemProxy;
			containerPortal = F88D937827FF470B0024A2D0 /* Project object */;
			proxyType = 1;
			remoteGlobalIDString = F88D937F27FF470B0024A2D0;
			remoteInfo = FaceDetect;
		};
		F88D93A127FF470C0024A2D0 /* PBXContainerItemProxy */ = {
			isa = PBXContainerItemProxy;
			containerPortal = F88D937827FF470B0024A2D0 /* Project object */;
			proxyType = 1;
			remoteGlobalIDString = F88D937F27FF470B0024A2D0;
			remoteInfo = FaceDetect;
		};
/* End PBXContainerItemProxy section */

/* Begin PBXFileReference section */
		F88D938027FF470B0024A2D0 /* FaceDetect.app */ = {isa = PBXFileReference; explicitFileType = wrapper.application; includeInIndex = 0; path = FaceDetect.app; sourceTree = BUILT_PRODUCTS_DIR; };
		F88D938327FF470B0024A2D0 /* AppDelegate.swift */ = {isa = PBXFileReference; lastKnownFileType = sourcecode.swift; path = AppDelegate.swift; sourceTree = "<group>"; };
		F88D938527FF470B0024A2D0 /* SceneDelegate.swift */ = {isa = PBXFileReference; lastKnownFileType = sourcecode.swift; path = SceneDelegate.swift; sourceTree = "<group>"; };
		F88D938727FF470B0024A2D0 /* ViewController.swift */ = {isa = PBXFileReference; lastKnownFileType = sourcecode.swift; path = ViewController.swift; sourceTree = "<group>"; };
		F88D938A27FF470B0024A2D0 /* Base */ = {isa = PBXFileReference; lastKnownFileType = file.storyboard; name = Base; path = Base.lproj/Main.storyboard; sourceTree = "<group>"; };
		F88D938C27FF470C0024A2D0 /* Assets.xcassets */ = {isa = PBXFileReference; lastKnownFileType = folder.assetcatalog; path = Assets.xcassets; sourceTree = "<group>"; };
		F88D938F27FF470C0024A2D0 /* Base */ = {isa = PBXFileReference; lastKnownFileType = file.storyboard; name = Base; path = Base.lproj/LaunchScreen.storyboard; sourceTree = "<group>"; };
		F88D939127FF470C0024A2D0 /* Info.plist */ = {isa = PBXFileReference; lastKnownFileType = text.plist.xml; path = Info.plist; sourceTree = "<group>"; };
		F88D939627FF470C0024A2D0 /* FaceDetectTests.xctest */ = {isa = PBXFileReference; explicitFileType = wrapper.cfbundle; includeInIndex = 0; path = FaceDetectTests.xctest; sourceTree = BUILT_PRODUCTS_DIR; };
		F88D939A27FF470C0024A2D0 /* FaceDetectTests.swift */ = {isa = PBXFileReference; lastKnownFileType = sourcecode.swift; path = FaceDetectTests.swift; sourceTree = "<group>"; };
		F88D93A027FF470C0024A2D0 /* FaceDetectUITests.xctest */ = {isa = PBXFileReference; explicitFileType = wrapper.cfbundle; includeInIndex = 0; path = FaceDetectUITests.xctest; sourceTree = BUILT_PRODUCTS_DIR; };
		F88D93A427FF470C0024A2D0 /* FaceDetectUITests.swift */ = {isa = PBXFileReference; lastKnownFileType = sourcecode.swift; path = FaceDetectUITests.swift; sourceTree = "<group>"; };
		F88D93A627FF470C0024A2D0 /* FaceDetectUITestsLaunchTests.swift */ = {isa = PBXFileReference; lastKnownFileType = sourcecode.swift; path = FaceDetectUITestsLaunchTests.swift; sourceTree = "<group>"; };
/* End PBXFileReference section */

/* Begin PBXFrameworksBuildPhase section */
		F88D937D27FF470B0024A2D0 /* Frameworks */ = {
			isa = PBXFrameworksBuildPhase;
			buildActionMask = 2147483647;
			files = (
			);
			runOnlyForDeploymentPostprocessing = 0;
		};
		F88D939327FF470C0024A2D0 /* Frameworks */ = {
			isa = PBXFrameworksBuildPhase;
			buildActionMask = 2147483647;
			files = (
			);
			runOnlyForDeploymentPostprocessing = 0;
		};
		F88D939D27FF470C0024A2D0 /* Frameworks */ = {
			isa = PBXFrameworksBuildPhase;
			buildActionMask = 2147483647;
			files = (
			);
			runOnlyForDeploymentPostprocessing = 0;
		};
/* End PBXFrameworksBuildPhase section */

/* Begin PBXGroup section */
		F88D937727FF470B0024A2D0 = {
			isa = PBXGroup;
			children = (
				F88D938227FF470B0024A2D0 /* FaceDetect */,
				F88D939927FF470C0024A2D0 /* FaceDetectTests */,
				F88D93A327FF470C0024A2D0 /* FaceDetectUITests */,
				F88D938127FF470B0024A2D0 /* Products */,
			);
			sourceTree = "<group>";
		};
		F88D938127FF470B0024A2D0 /* Products */ = {
			isa = PBXGroup;
			children = (
				F88D938027FF470B0024A2D0 /* FaceDetect.app */,
				F88D939627FF470C0024A2D0 /* FaceDetectTests.xctest */,
				F88D93A027FF470C0024A2D0 /* FaceDetectUITests.xctest */,
			);
			name = Products;
			sourceTree = "<group>";
		};
		F88D938227FF470B0024A2D0 /* FaceDetect */ = {
			isa = PBXGroup;
			children = (
				F88D938327FF470B0024A2D0 /* AppDelegate.swift */,
				F88D938527FF470B0024A2D0 /* SceneDelegate.swift */,
				F88D938727FF470B0024A2D0 /* ViewController.swift */,
				F88D938927FF470B0024A2D0 /* Main.storyboard */,
				F88D938C27FF470C0024A2D0 /* Assets.xcassets */,
				F88D938E27FF470C0024A2D0 /* LaunchScreen.storyboard */,
				F88D939127FF470C0024A2D0 /* Info.plist */,
			);
			path = FaceDetect;
			sourceTree = "<group>";
		};
		F88D939927FF470C0024A2D0 /* FaceDetectTests */ = {
			isa = PBXGroup;
			children = (
				F88D939A27FF470C0024A2D0 /* FaceDetectTests.swift */,
			);
			path = FaceDetectTests;
			sourceTree = "<group>";
		};
		F88D93A327FF470C0024A2D0 /* FaceDetectUITests */ = {
			isa = PBXGroup;
			children = (
				F88D93A427FF470C0024A2D0 /* FaceDetectUITests.swift */,
				F88D93A627FF470C0024A2D0 /* FaceDetectUITestsLaunchTests.swift */,
			);
			path = FaceDetectUITests;
			sourceTree = "<group>";
		};
/* End PBXGroup section */

/* Begin PBXNativeTarget section */
		F88D937F27FF470B0024A2D0 /* FaceDetect */ = {
			isa = PBXNativeTarget;
			buildConfigurationList = F88D93AA27FF470C0024A2D0 /* Build configuration list for PBXNativeTarget "FaceDetect" */;
			buildPhases = (
				F88D937C27FF470B0024A2D0 /* Sources */,
				F88D937D27FF470B0024A2D0 /* Frameworks */,
				F88D937E27FF470B0024A2D0 /* Resources */,
			);
			buildRules = (
			);
			dependencies = (
			);
			name = FaceDetect;
			productName = FaceDetect;
			productReference = F88D938027FF470B0024A2D0 /* FaceDetect.app */;
			productType = "com.apple.product-type.application";
		};
		F88D939527FF470C0024A2D0 /* FaceDetectTests */ = {
			isa = PBXNativeTarget;
			buildConfigurationList = F88D93AD27FF470C0024A2D0 /* Build configuration list for PBXNativeTarget "FaceDetectTests" */;
			buildPhases = (
				F88D939227FF470C0024A2D0 /* Sources */,
				F88D939327FF470C0024A2D0 /* Frameworks */,
				F88D939427FF470C0024A2D0 /* Resources */,
			);
			buildRules = (
			);
			dependencies = (
				F88D939827FF470C0024A2D0 /* PBXTargetDependency */,
			);
			name = FaceDetectTests;
			productName = FaceDetectTests;
			productReference = F88D939627FF470C0024A2D0 /* FaceDetectTests.xctest */;
			productType = "com.apple.product-type.bundle.unit-test";
		};
		F88D939F27FF470C0024A2D0 /* FaceDetectUITests */ = {
			isa = PBXNativeTarget;
			buildConfigurationList = F88D93B027FF470C0024A2D0 /* Build configuration list for PBXNativeTarget "FaceDetectUITests" */;
			buildPhases = (
				F88D939C27FF470C0024A2D0 /* Sources */,
				F88D939D27FF470C0024A2D0 /* Frameworks */,
				F88D939E27FF470C0024A2D0 /* Resources */,
			);
			buildRules = (
			);
			dependencies = (
				F88D93A227FF470C0024A2D0 /* PBXTargetDependency */,
			);
			name = FaceDetectUITests;
			productName = FaceDetectUITests;
			productReference = F88D93A027FF470C0024A2D0 /* FaceDetectUITests.xctest */;
			productType = "com.apple.product-type.bundle.ui-testing";
		};
/* End PBXNativeTarget section */

/* Begin PBXProject section */
		F88D937827FF470B0024A2D0 /* Project object */ = {
			isa = PBXProject;
			attributes = {
				BuildIndependentTargetsInParallel = 1;
				LastSwiftUpdateCheck = 1320;
				LastUpgradeCheck = 1320;
				TargetAttributes = {
					F88D937F27FF470B0024A2D0 = {
						CreatedOnToolsVersion = 13.2.1;
					};
					F88D939527FF470C0024A2D0 = {
						CreatedOnToolsVersion = 13.2.1;
						TestTargetID = F88D937F27FF470B0024A2D0;
					};
					F88D939F27FF470C0024A2D0 = {
						CreatedOnToolsVersion = 13.2.1;
						TestTargetID = F88D937F27FF470B0024A2D0;
					};
				};
			};
			buildConfigurationList = F88D937B27FF470B0024A2D0 /* Build configuration list for PBXProject "FaceDetect" */;
			compatibilityVersion = "Xcode 13.0";
			developmentRegion = en;
			hasScannedForEncodings = 0;
			knownRegions = (
				en,
				Base,
			);
			mainGroup = F88D937727FF470B0024A2D0;
			productRefGroup = F88D938127FF470B0024A2D0 /* Products */;
			projectDirPath = "";
			projectRoot = "";
			targets = (
				F88D937F27FF470B0024A2D0 /* FaceDetect */,
				F88D939527FF470C0024A2D0 /* FaceDetectTests */,
				F88D939F27FF470C0024A2D0 /* FaceDetectUITests */,
			);
		};
/* End PBXProject section */

/* Begin PBXResourcesBuildPhase section */
		F88D937E27FF470B0024A2D0 /* Resources */ = {
			isa = PBXResourcesBuildPhase;
			buildActionMask = 2147483647;
			files = (
				F88D939027FF470C0024A2D0 /* LaunchScreen.storyboard in Resources */,
				F88D938D27FF470C0024A2D0 /* Assets.xcassets in Resources */,
				F88D938B27FF470B0024A2D0 /* Main.storyboard in Resources */,
			);
			runOnlyForDeploymentPostprocessing = 0;
		};
		F88D939427FF470C0024A2D0 /* Resources */ = {
			isa = PBXResourcesBuildPhase;
			buildActionMask = 2147483647;
			files = (
			);
			runOnlyForDeploymentPostprocessing = 0;
		};
		F88D939E27FF470C0024A2D0 /* Resources */ = {
			isa = PBXResourcesBuildPhase;
			buildActionMask = 2147483647;
			files = (
			);
			runOnlyForDeploymentPostprocessing = 0;
		};
/* End PBXResourcesBuildPhase section */

/* Begin PBXSourcesBuildPhase section */
		F88D937C27FF470B0024A2D0 /* Sources */ = {
			isa = PBXSourcesBuildPhase;
			buildActionMask = 2147483647;
			files = (
				F88D938827FF470B0024A2D0 /* ViewController.swift in Sources */,
				F88D938427FF470B0024A2D0 /* AppDelegate.swift in Sources */,
				F88D938627FF470B0024A2D0 /* SceneDelegate.swift in Sources */,
			);
			runOnlyForDeploymentPostprocessing = 0;
		};
		F88D939227FF470C0024A2D0 /* Sources */ = {
			isa = PBXSourcesBuildPhase;
			buildActionMask = 2147483647;
			files = (
				F88D939B27FF470C0024A2D0 /* FaceDetectTests.swift in Sources */,
			);
			runOnlyForDeploymentPostprocessing = 0;
		};
		F88D939C27FF470C0024A2D0 /* Sources */ = {
			isa = PBXSourcesBuildPhase;
			buildActionMask = 2147483647;
			files = (
				F88D93A727FF470C0024A2D0 /* FaceDetectUITestsLaunchTests.swift in Sources */,
				F88D93A527FF470C0024A2D0 /* FaceDetectUITests.swift in Sources */,
			);
			runOnlyForDeploymentPostprocessing = 0;
		};
/* End PBXSourcesBuildPhase section */

/* Begin PBXTargetDependency section */
		F88D939827FF470C0024A2D0 /* PBXTargetDependency */ = {
			isa = PBXTargetDependency;
			target = F88D937F27FF470B0024A2D0 /* FaceDetect */;
			targetProxy = F88D939727FF470C0024A2D0 /* PBXContainerItemProxy */;
		};
		F88D93A227FF470C0024A2D0 /* PBXTargetDependency */ = {
			isa = PBXTargetDependency;
			target = F88D937F27FF470B0024A2D0 /* FaceDetect */;
			targetProxy = F88D93A127FF470C0024A2D0 /* PBXContainerItemProxy */;
		};
/* End PBXTargetDependency section */

/* Begin PBXVariantGroup section */
		F88D938927FF470B0024A2D0 /* Main.storyboard */ = {
			isa = PBXVariantGroup;
			children = (
				F88D938A27FF470B0024A2D0 /* Base */,
			);
			name = Main.storyboard;
			sourceTree = "<group>";
		};
		F88D938E27FF470C0024A2D0 /* LaunchScreen.storyboard */ = {
			isa = PBXVariantGroup;
			children = (
				F88D938F27FF470C0024A2D0 /* Base */,
			);
			name = LaunchScreen.storyboard;
			sourceTree = "<group>";
		};
/* End PBXVariantGroup section */

/* Begin XCBuildConfiguration section */
		F88D93A827FF470C0024A2D0 /* Debug */ = {
			isa = XCBuildConfiguration;
			buildSettings = {
				ALWAYS_SEARCH_USER_PATHS = NO;
				CLANG_ANALYZER_NONNULL = YES;
				CLANG_ANALYZER_NUMBER_OBJECT_CONVERSION = YES_AGGRESSIVE;
				CLANG_CXX_LANGUAGE_STANDARD = "gnu++17";
				CLANG_CXX_LIBRARY = "libc++";
				CLANG_ENABLE_MODULES = YES;
				CLANG_ENABLE_OBJC_ARC = YES;
				CLANG_ENABLE_OBJC_WEAK = YES;
				CLANG_WARN_BLOCK_CAPTURE_AUTORELEASING = YES;
				CLANG_WARN_BOOL_CONVERSION = YES;
				CLANG_WARN_COMMA = YES;
				CLANG_WARN_CONSTANT_CONVERSION = YES;
				CLANG_WARN_DEPRECATED_OBJC_IMPLEMENTATIONS = YES;
				CLANG_WARN_DIRECT_OBJC_ISA_USAGE = YES_ERROR;
				CLANG_WARN_DOCUMENTATION_COMMENTS = YES;
				CLANG_WARN_EMPTY_BODY = YES;
				CLANG_WARN_ENUM_CONVERSION = YES;
				CLANG_WARN_INFINITE_RECURSION = YES;
				CLANG_WARN_INT_CONVERSION = YES;
				CLANG_WARN_NON_LITERAL_NULL_CONVERSION = YES;
				CLANG_WARN_OBJC_IMPLICIT_RETAIN_SELF = YES;
				CLANG_WARN_OBJC_LITERAL_CONVERSION = YES;
				CLANG_WARN_OBJC_ROOT_CLASS = YES_ERROR;
				CLANG_WARN_QUOTED_INCLUDE_IN_FRAMEWORK_HEADER = YES;
				CLANG_WARN_RANGE_LOOP_ANALYSIS = YES;
				CLANG_WARN_STRICT_PROTOTYPES = YES;
				CLANG_WARN_SUSPICIOUS_MOVE = YES;
				CLANG_WARN_UNGUARDED_AVAILABILITY = YES_AGGRESSIVE;
				CLANG_WARN_UNREACHABLE_CODE = YES;
				CLANG_WARN__DUPLICATE_METHOD_MATCH = YES;
				COPY_PHASE_STRIP = NO;
				DEBUG_INFORMATION_FORMAT = dwarf;
				ENABLE_STRICT_OBJC_MSGSEND = YES;
				ENABLE_TESTABILITY = YES;
				GCC_C_LANGUAGE_STANDARD = gnu11;
				GCC_DYNAMIC_NO_PIC = NO;
				GCC_NO_COMMON_BLOCKS = YES;
				GCC_OPTIMIZATION_LEVEL = 0;
				GCC_PREPROCESSOR_DEFINITIONS = (
					"DEBUG=1",
					"$(inherited)",
				);
				GCC_WARN_64_TO_32_BIT_CONVERSION = YES;
				GCC_WARN_ABOUT_RETURN_TYPE = YES_ERROR;
				GCC_WARN_UNDECLARED_SELECTOR = YES;
				GCC_WARN_UNINITIALIZED_AUTOS = YES_AGGRESSIVE;
				GCC_WARN_UNUSED_FUNCTION = YES;
				GCC_WARN_UNUSED_VARIABLE = YES;
				IPHONEOS_DEPLOYMENT_TARGET = 15.2;
				MTL_ENABLE_DEBUG_INFO = INCLUDE_SOURCE;
				MTL_FAST_MATH = YES;
				ONLY_ACTIVE_ARCH = YES;
				SDKROOT = iphoneos;
				SWIFT_ACTIVE_COMPILATION_CONDITIONS = DEBUG;
				SWIFT_OPTIMIZATION_LEVEL = "-Onone";
			};
			name = Debug;
		};
		F88D93A927FF470C0024A2D0 /* Release */ = {
			isa = XCBuildConfiguration;
			buildSettings = {
				ALWAYS_SEARCH_USER_PATHS = NO;
				CLANG_ANALYZER_NONNULL = YES;
				CLANG_ANALYZER_NUMBER_OBJECT_CONVERSION = YES_AGGRESSIVE;
				CLANG_CXX_LANGUAGE_STANDARD = "gnu++17";
				CLANG_CXX_LIBRARY = "libc++";
				CLANG_ENABLE_MODULES = YES;
				CLANG_ENABLE_OBJC_ARC = YES;
				CLANG_ENABLE_OBJC_WEAK = YES;
				CLANG_WARN_BLOCK_CAPTURE_AUTORELEASING = YES;
				CLANG_WARN_BOOL_CONVERSION = YES;
				CLANG_WARN_COMMA = YES;
				CLANG_WARN_CONSTANT_CONVERSION = YES;
				CLANG_WARN_DEPRECATED_OBJC_IMPLEMENTATIONS = YES;
				CLANG_WARN_DIRECT_OBJC_ISA_USAGE = YES_ERROR;
				CLANG_WARN_DOCUMENTATION_COMMENTS = YES;
				CLANG_WARN_EMPTY_BODY = YES;
				CLANG_WARN_ENUM_CONVERSION = YES;
				CLANG_WARN_INFINITE_RECURSION = YES;
				CLANG_WARN_INT_CONVERSION = YES;
				CLANG_WARN_NON_LITERAL_NULL_CONVERSION = YES;
				CLANG_WARN_OBJC_IMPLICIT_RETAIN_SELF = YES;
				CLANG_WARN_OBJC_LITERAL_CONVERSION = YES;
				CLANG_WARN_OBJC_ROOT_CLASS = YES_ERROR;
				CLANG_WARN_QUOTED_INCLUDE_IN_FRAMEWORK_HEADER = YES;
				CLANG_WARN_RANGE_LOOP_ANALYSIS = YES;
				CLANG_WARN_STRICT_PROTOTYPES = YES;
				CLANG_WARN_SUSPICIOUS_MOVE = YES;
				CLANG_WARN_UNGUARDED_AVAILABILITY = YES_AGGRESSIVE;
				CLANG_WARN_UNREACHABLE_CODE = YES;
				CLANG_WARN__DUPLICATE_METHOD_MATCH = YES;
				COPY_PHASE_STRIP = NO;
				DEBUG_INFORMATION_FORMAT = "dwarf-with-dsym";
				ENABLE_NS_ASSERTIONS = NO;
				ENABLE_STRICT_OBJC_MSGSEND = YES;
				GCC_C_LANGUAGE_STANDARD = gnu11;
				GCC_NO_COMMON_BLOCKS = YES;
				GCC_WARN_64_TO_32_BIT_CONVERSION = YES;
				GCC_WARN_ABOUT_RETURN_TYPE = YES_ERROR;
				GCC_WARN_UNDECLARED_SELECTOR = YES;
				GCC_WARN_UNINITIALIZED_AUTOS = YES_AGGRESSIVE;
				GCC_WARN_UNUSED_FUNCTION = YES;
				GCC_WARN_UNUSED_VARIABLE = YES;
				IPHONEOS_DEPLOYMENT_TARGET = 15.2;
				MTL_ENABLE_DEBUG_INFO = NO;
				MTL_FAST_MATH = YES;
				SDKROOT = iphoneos;
				SWIFT_COMPILATION_MODE = wholemodule;
				SWIFT_OPTIMIZATION_LEVEL = "-O";
				VALIDATE_PRODUCT = YES;
			};
			name = Release;
		};
		F88D93AB27FF470C0024A2D0 /* Debug */ = {
			isa = XCBuildConfiguration;
			buildSettings = {
				ASSETCATALOG_COMPILER_APPICON_NAME = AppIcon;
				ASSETCATALOG_COMPILER_GLOBAL_ACCENT_COLOR_NAME = AccentColor;
				CODE_SIGN_STYLE = Automatic;
				CURRENT_PROJECT_VERSION = 1;
				GENERATE_INFOPLIST_FILE = YES;
				INFOPLIST_FILE = FaceDetect/Info.plist;
				INFOPLIST_KEY_UIApplicationSupportsIndirectInputEvents = YES;
				INFOPLIST_KEY_UILaunchStoryboardName = LaunchScreen;
				INFOPLIST_KEY_UIMainStoryboardFile = Main;
				INFOPLIST_KEY_UISupportedInterfaceOrientations_iPad = "UIInterfaceOrientationPortrait UIInterfaceOrientationPortraitUpsideDown UIInterfaceOrientationLandscapeLeft UIInterfaceOrientationLandscapeRight";
				INFOPLIST_KEY_UISupportedInterfaceOrientations_iPhone = "UIInterfaceOrientationPortrait UIInterfaceOrientationLandscapeLeft UIInterfaceOrientationLandscapeRight";
				LD_RUNPATH_SEARCH_PATHS = (
					"$(inherited)",
					"@executable_path/Frameworks",
				);
				MARKETING_VERSION = 1.0;
				PRODUCT_BUNDLE_IDENTIFIER = StevenWang.FaceDetect;
				PRODUCT_NAME = "$(TARGET_NAME)";
				SWIFT_EMIT_LOC_STRINGS = YES;
				SWIFT_VERSION = 5.0;
				TARGETED_DEVICE_FAMILY = "1,2";
			};
			name = Debug;
		};
		F88D93AC27FF470C0024A2D0 /* Release */ = {
			isa = XCBuildConfiguration;
			buildSettings = {
				ASSETCATALOG_COMPILER_APPICON_NAME = AppIcon;
				ASSETCATALOG_COMPILER_GLOBAL_ACCENT_COLOR_NAME = AccentColor;
				CODE_SIGN_STYLE = Automatic;
				CURRENT_PROJECT_VERSION = 1;
				GENERATE_INFOPLIST_FILE = YES;
				INFOPLIST_FILE = FaceDetect/Info.plist;
				INFOPLIST_KEY_UIApplicationSupportsIndirectInputEvents = YES;
				INFOPLIST_KEY_UILaunchStoryboardName = LaunchScreen;
				INFOPLIST_KEY_UIMainStoryboardFile = Main;
				INFOPLIST_KEY_UISupportedInterfaceOrientations_iPad = "UIInterfaceOrientationPortrait UIInterfaceOrientationPortraitUpsideDown UIInterfaceOrientationLandscapeLeft UIInterfaceOrientationLandscapeRight";
				INFOPLIST_KEY_UISupportedInterfaceOrientations_iPhone = "UIInterfaceOrientationPortrait UIInterfaceOrientationLandscapeLeft UIInterfaceOrientationLandscapeRight";
				LD_RUNPATH_SEARCH_PATHS = (
					"$(inherited)",
					"@executable_path/Frameworks",
				);
				MARKETING_VERSION = 1.0;
				PRODUCT_BUNDLE_IDENTIFIER = StevenWang.FaceDetect;
				PRODUCT_NAME = "$(TARGET_NAME)";
				SWIFT_EMIT_LOC_STRINGS = YES;
				SWIFT_VERSION = 5.0;
				TARGETED_DEVICE_FAMILY = "1,2";
			};
			name = Release;
		};
		F88D93AE27FF470C0024A2D0 /* Debug */ = {
			isa = XCBuildConfiguration;
			buildSettings = {
				ALWAYS_EMBED_SWIFT_STANDARD_LIBRARIES = YES;
				BUNDLE_LOADER = "$(TEST_HOST)";
				CODE_SIGN_STYLE = Automatic;
				CURRENT_PROJECT_VERSION = 1;
				GENERATE_INFOPLIST_FILE = YES;
				IPHONEOS_DEPLOYMENT_TARGET = 15.2;
				MARKETING_VERSION = 1.0;
				PRODUCT_BUNDLE_IDENTIFIER = StevenWang.FaceDetectTests;
				PRODUCT_NAME = "$(TARGET_NAME)";
				SWIFT_EMIT_LOC_STRINGS = NO;
				SWIFT_VERSION = 5.0;
				TARGETED_DEVICE_FAMILY = "1,2";
				TEST_HOST = "$(BUILT_PRODUCTS_DIR)/FaceDetect.app/FaceDetect";
			};
			name = Debug;
		};
		F88D93AF27FF470C0024A2D0 /* Release */ = {
			isa = XCBuildConfiguration;
			buildSettings = {
				ALWAYS_EMBED_SWIFT_STANDARD_LIBRARIES = YES;
				BUNDLE_LOADER = "$(TEST_HOST)";
				CODE_SIGN_STYLE = Automatic;
				CURRENT_PROJECT_VERSION = 1;
				GENERATE_INFOPLIST_FILE = YES;
				IPHONEOS_DEPLOYMENT_TARGET = 15.2;
				MARKETING_VERSION = 1.0;
				PRODUCT_BUNDLE_IDENTIFIER = StevenWang.FaceDetectTests;
				PRODUCT_NAME = "$(TARGET_NAME)";
				SWIFT_EMIT_LOC_STRINGS = NO;
				SWIFT_VERSION = 5.0;
				TARGETED_DEVICE_FAMILY = "1,2";
				TEST_HOST = "$(BUILT_PRODUCTS_DIR)/FaceDetect.app/FaceDetect";
			};
			name = Release;
		};
		F88D93B127FF470C0024A2D0 /* Debug */ = {
			isa = XCBuildConfiguration;
			buildSettings = {
				ALWAYS_EMBED_SWIFT_STANDARD_LIBRARIES = YES;
				CODE_SIGN_STYLE = Automatic;
				CURRENT_PROJECT_VERSION = 1;
				GENERATE_INFOPLIST_FILE = YES;
				MARKETING_VERSION = 1.0;
				PRODUCT_BUNDLE_IDENTIFIER = StevenWang.FaceDetectUITests;
				PRODUCT_NAME = "$(TARGET_NAME)";
				SWIFT_EMIT_LOC_STRINGS = NO;
				SWIFT_VERSION = 5.0;
				TARGETED_DEVICE_FAMILY = "1,2";
				TEST_TARGET_NAME = FaceDetect;
			};
			name = Debug;
		};
		F88D93B227FF470C0024A2D0 /* Release */ = {
			isa = XCBuildConfiguration;
			buildSettings = {
				ALWAYS_EMBED_SWIFT_STANDARD_LIBRARIES = YES;
				CODE_SIGN_STYLE = Automatic;
				CURRENT_PROJECT_VERSION = 1;
				GENERATE_INFOPLIST_FILE = YES;
				MARKETING_VERSION = 1.0;
				PRODUCT_BUNDLE_IDENTIFIER = StevenWang.FaceDetectUITests;
				PRODUCT_NAME = "$(TARGET_NAME)";
				SWIFT_EMIT_LOC_STRINGS = NO;
				SWIFT_VERSION = 5.0;
				TARGETED_DEVICE_FAMILY = "1,2";
				TEST_TARGET_NAME = FaceDetect;
			};
			name = Release;
		};
/* End XCBuildConfiguration section */

/* Begin XCConfigurationList section */
		F88D937B27FF470B0024A2D0 /* Build configuration list for PBXProject "FaceDetect" */ = {
			isa = XCConfigurationList;
			buildConfigurations = (
				F88D93A827FF470C0024A2D0 /* Debug */,
				F88D93A927FF470C0024A2D0 /* Release */,
			);
			defaultConfigurationIsVisible = 0;
			defaultConfigurationName = Release;
		};
		F88D93AA27FF470C0024A2D0 /* Build configuration list for PBXNativeTarget "FaceDetect" */ = {
			isa = XCConfigurationList;
			buildConfigurations = (
				F88D93AB27FF470C0024A2D0 /* Debug */,
				F88D93AC27FF470C0024A2D0 /* Release */,
			);
			defaultConfigurationIsVisible = 0;
			defaultConfigurationName = Release;
		};
		F88D93AD27FF470C0024A2D0 /* Build configuration list for PBXNativeTarget "FaceDetectTests" */ = {
			isa = XCConfigurationList;
			buildConfigurations = (
				F88D93AE27FF470C0024A2D0 /* Debug */,
				F88D93AF27FF470C0024A2D0 /* Release */,
			);
			defaultConfigurationIsVisible = 0;
			defaultConfigurationName = Release;
		};
		F88D93B027FF470C0024A2D0 /* Build configuration list for PBXNativeTarget "FaceDetectUITests" */ = {
			isa = XCConfigurationList;
			buildConfigurations = (
				F88D93B127FF470C0024A2D0 /* Debug */,
				F88D93B227FF470C0024A2D0 /* Release */,
			);
			defaultConfigurationIsVisible = 0;
			defaultConfigurationName = Release;
		};
/* End XCConfigurationList section */
	};
	rootObject = F88D937827FF470B0024A2D0 /* Project object */;
}
